
Microsoft Visual Studio Solution File, Format Version 12.00
# Visual Studio Version 17
VisualStudioVersion = 17.14.37111.16 d17.14
MinimumVisualStudioVersion = 10.0.40219.1
Project("{FAE04EC0-301F-11D3-BF4B-00C04F79EFBC}") = "Credential Manager Console App", "Credential Manager Console App\Credential Manager Console App.csproj", "{7A497405-F846-4542-B2FD-31B8CAF15298}"
EndProject
Global
	GlobalSection(SolutionConfigurationPlatforms) = preSolution
		Debug|Any CPU = Debug|Any CPU
		Release|Any CPU = Release|Any CPU
	EndGlobalSection
	GlobalSection(ProjectConfigurationPlatforms) = postSolution
		{7A497405-F846-4542-B2FD-31B8CAF15298}.Debug|Any CPU.ActiveCfg = Debug|Any CPU
		{7A497405-F846-4542-B2FD-31B8CAF15298}.Debug|Any CPU.Build.0 = Debug|Any CPU
		{7A497405-F846-4542-B2FD-31B8CAF15298}.Release|Any CPU.ActiveCfg = Release|Any CPU
		{7A497405-F846-4542-B2FD-31B8CAF15298}.Release|Any CPU.Build.0 = Release|Any CPU
	EndGlobalSection
	GlobalSection(SolutionProperties) = preSolution
		HideSolutionNode = FALSE
	EndGlobalSection
	GlobalSection(ExtensibilityGlobals) = postSolution
		SolutionGuid = {108E7557-03EB-427A-8CCB-D58CC08EE229}
	EndGlobalSection
EndGlobal
